
Microsoft Visual Studio Solution File, Format Version 12.00
# Visual Studio 15
VisualStudioVersion = 15.0.28307.1259
MinimumVisualStudioVersion = 10.0.40219.1
Project("{8BC9CEB8-8B4A-11D0-8D11-00A0C91BC942}") = "SRPG", "SRPG\SRPG.vcxproj", "{9DA49D8A-9EB5-456A-A47D-B5C38AFA00FB}"
EndProject
Global
	GlobalSection(SolutionConfigurationPlatforms) = preSolution
		Debug|x64 = Debug|x64
		Debug|x86 = Debug|x86
		Release|x64 = Release|x64
		Release|x86 = Release|x86
	EndGlobalSection
	GlobalSection(ProjectConfigurationPlatforms) = postSolution
		{9DA49D8A-9EB5-456A-A47D-B5C38AFA00FB}.Debug|x64.ActiveCfg = Debug|x64
		{9DA49D8A-9EB5-456A-A47D-B5C38AFA00FB}.Debug|x64.Build.0 = Debug|x64
		{9DA49D8A-9EB5-456A-A47D-B5C38AFA00FB}.Debug|x86.ActiveCfg = Debug|Win32
		{9DA49D8A-9EB5-456A-A47D-B5C38AFA00FB}.Debug|x86.Build.0 = Debug|Win32
		{9DA49D8A-9EB5-456A-A47D-B5C38AFA00FB}.Release|x64.ActiveCfg = Release|x64
		{9DA49D8A-9EB5-456A-A47D-B5C38AFA00FB}.Release|x64.Build.0 = Release|x64
		{9DA49D8A-9EB5-456A-A47D-B5C38AFA00FB}.Release|x86.ActiveCfg = Release|Win32
		{9DA49D8A-9EB5-456A-A47D-B5C38AFA00FB}.Release|x86.Build.0 = Release|Win32
	EndGlobalSection
	GlobalSection(SolutionProperties) = preSolution
		HideSolutionNode = FALSE
	EndGlobalSection
	GlobalSection(ExtensibilityGlobals) = postSolution
		SolutionGuid = {52AC97C7-D791-4FBA-9EB5-D047A545EDEA}
	EndGlobalSection
EndGlobal
